// !$*UTF8*$!
{
	archiveVersion = 1;
	classes = {
	};
	objectVersion = 50;
	objects = {

/* Begin PBXBuildFile section */
		9620EF272530B3C00081E02C /* ProductListStateView.xib in Resources */ = {isa = PBXBuildFile; fileRef = 9620EF262530B3C00081E02C /* ProductListStateView.xib */; };
		9620EF2F2530BF9D0081E02C /* Color.swift in Sources */ = {isa = PBXBuildFile; fileRef = 9620EF2E2530BF9D0081E02C /* Color.swift */; };
		9632D1762523C95600217E20 /* AppDelegate.swift in Sources */ = {isa = PBXBuildFile; fileRef = 9632D1752523C95600217E20 /* AppDelegate.swift */; };
		9632D1782523C95600217E20 /* SceneDelegate.swift in Sources */ = {isa = PBXBuildFile; fileRef = 9632D1772523C95600217E20 /* SceneDelegate.swift */; };
		9632D17D2523C95600217E20 /* Main.storyboard in Resources */ = {isa = PBXBuildFile; fileRef = 9632D17B2523C95600217E20 /* Main.storyboard */; };
		9632D1822523C95800217E20 /* Assets.xcassets in Resources */ = {isa = PBXBuildFile; fileRef = 9632D1812523C95800217E20 /* Assets.xcassets */; };
		9632D1852523C95800217E20 /* LaunchScreen.storyboard in Resources */ = {isa = PBXBuildFile; fileRef = 9632D1832523C95800217E20 /* LaunchScreen.storyboard */; };
		9632D1902523C95800217E20 /* ShoppingAppTests.swift in Sources */ = {isa = PBXBuildFile; fileRef = 9632D18F2523C95800217E20 /* ShoppingAppTests.swift */; };
		9632D19B2523C95800217E20 /* ShoppingAppUITests.swift in Sources */ = {isa = PBXBuildFile; fileRef = 9632D19A2523C95800217E20 /* ShoppingAppUITests.swift */; };
		964EF3FD252F76D9003ED35C /* ProductsTableView.swift in Sources */ = {isa = PBXBuildFile; fileRef = 964EF3FC252F76D9003ED35C /* ProductsTableView.swift */; };
		964EF402252F7B27003ED35C /* ProductLoaderWithFallBack.swift in Sources */ = {isa = PBXBuildFile; fileRef = 964EF401252F7B27003ED35C /* ProductLoaderWithFallBack.swift */; };
		964EF432252F99B6003ED35C /* ShoppingViewModel.swift in Sources */ = {isa = PBXBuildFile; fileRef = 964EF431252F99B6003ED35C /* ShoppingViewModel.swift */; };
		964EF436252FA34D003ED35C /* GenericExtensions.swift in Sources */ = {isa = PBXBuildFile; fileRef = 964EF435252FA34D003ED35C /* GenericExtensions.swift */; };
		964EF43A252FA946003ED35C /* ShoppingViewCoordinator.swift in Sources */ = {isa = PBXBuildFile; fileRef = 964EF439252FA946003ED35C /* ShoppingViewCoordinator.swift */; };
		964EF455252FB6F3003ED35C /* ProductLoaderPersisterDecorator.swift in Sources */ = {isa = PBXBuildFile; fileRef = 964EF454252FB6F3003ED35C /* ProductLoaderPersisterDecorator.swift */; };
		964EF45F253048A2003ED35C /* ProductDataModel.swift in Sources */ = {isa = PBXBuildFile; fileRef = 964EF45E253048A2003ED35C /* ProductDataModel.swift */; };
		965658972530A4000040A9AD /* ProductListStateView.swift in Sources */ = {isa = PBXBuildFile; fileRef = 965658962530A4000040A9AD /* ProductListStateView.swift */; };
		965AF1A9252F12F90096AC97 /* ShoppingViewController.swift in Sources */ = {isa = PBXBuildFile; fileRef = 965AF1A8252F12F90096AC97 /* ShoppingViewController.swift */; };
		965AF1AE252F147D0096AC97 /* TotalPriceView.swift in Sources */ = {isa = PBXBuildFile; fileRef = 965AF1AD252F147D0096AC97 /* TotalPriceView.swift */; };
		965AF1B4252F14910096AC97 /* TotalPriceView.xib in Resources */ = {isa = PBXBuildFile; fileRef = 965AF1B3252F14910096AC97 /* TotalPriceView.xib */; };
		965AF1C2252F16160096AC97 /* ProductTableViewCell.swift in Sources */ = {isa = PBXBuildFile; fileRef = 965AF1C0252F16160096AC97 /* ProductTableViewCell.swift */; };
		965AF1C3252F16160096AC97 /* ProductTableViewCell.xib in Resources */ = {isa = PBXBuildFile; fileRef = 965AF1C1252F16160096AC97 /* ProductTableViewCell.xib */; };
		965AF1D5252F1B0C0096AC97 /* UIViewExtensions.swift in Sources */ = {isa = PBXBuildFile; fileRef = 965AF1D4252F1B0C0096AC97 /* UIViewExtensions.swift */; };
		969D307A252BADC300478074 /* Shopping.framework in Frameworks */ = {isa = PBXBuildFile; fileRef = 969D3079252BADC300478074 /* Shopping.framework */; };
		969D307B252BADC300478074 /* Shopping.framework in Embed Frameworks */ = {isa = PBXBuildFile; fileRef = 969D3079252BADC300478074 /* Shopping.framework */; settings = {ATTRIBUTES = (CodeSignOnCopy, RemoveHeadersOnCopy, ); }; };
/* End PBXBuildFile section */

/* Begin PBXContainerItemProxy section */
		9632D18C2523C95800217E20 /* PBXContainerItemProxy */ = {
			isa = PBXContainerItemProxy;
			containerPortal = 9632D16A2523C95600217E20 /* Project object */;
			proxyType = 1;
			remoteGlobalIDString = 9632D1712523C95600217E20;
			remoteInfo = ShoppingApp;
		};
		9632D1972523C95800217E20 /* PBXContainerItemProxy */ = {
			isa = PBXContainerItemProxy;
			containerPortal = 9632D16A2523C95600217E20 /* Project object */;
			proxyType = 1;
			remoteGlobalIDString = 9632D1712523C95600217E20;
			remoteInfo = ShoppingApp;
		};
/* End PBXContainerItemProxy section */

/* Begin PBXCopyFilesBuildPhase section */
		969D307C252BADC300478074 /* Embed Frameworks */ = {
			isa = PBXCopyFilesBuildPhase;
			buildActionMask = 2147483647;
			dstPath = "";
			dstSubfolderSpec = 10;
			files = (
				969D307B252BADC300478074 /* Shopping.framework in Embed Frameworks */,
			);
			name = "Embed Frameworks";
			runOnlyForDeploymentPostprocessing = 0;
		};
/* End PBXCopyFilesBuildPhase section */

/* Begin PBXFileReference section */
		9620EF262530B3C00081E02C /* ProductListStateView.xib */ = {isa = PBXFileReference; lastKnownFileType = file.xib; path = ProductListStateView.xib; sourceTree = "<group>"; };
		9620EF2E2530BF9D0081E02C /* Color.swift */ = {isa = PBXFileReference; lastKnownFileType = sourcecode.swift; path = Color.swift; sourceTree = "<group>"; };
		9632D1722523C95600217E20 /* ShoppingApp.app */ = {isa = PBXFileReference; explicitFileType = wrapper.application; includeInIndex = 0; path = ShoppingApp.app; sourceTree = BUILT_PRODUCTS_DIR; };
		9632D1752523C95600217E20 /* AppDelegate.swift */ = {isa = PBXFileReference; lastKnownFileType = sourcecode.swift; path = AppDelegate.swift; sourceTree = "<group>"; };
		9632D1772523C95600217E20 /* SceneDelegate.swift */ = {isa = PBXFileReference; lastKnownFileType = sourcecode.swift; path = SceneDelegate.swift; sourceTree = "<group>"; };
		9632D17C2523C95600217E20 /* Base */ = {isa = PBXFileReference; lastKnownFileType = file.storyboard; name = Base; path = Base.lproj/Main.storyboard; sourceTree = "<group>"; };
		9632D1812523C95800217E20 /* Assets.xcassets */ = {isa = PBXFileReference; lastKnownFileType = folder.assetcatalog; path = Assets.xcassets; sourceTree = "<group>"; };
		9632D1842523C95800217E20 /* Base */ = {isa = PBXFileReference; lastKnownFileType = file.storyboard; name = Base; path = Base.lproj/LaunchScreen.storyboard; sourceTree = "<group>"; };
		9632D1862523C95800217E20 /* Info.plist */ = {isa = PBXFileReference; lastKnownFileType = text.plist.xml; path = Info.plist; sourceTree = "<group>"; };
		9632D18B2523C95800217E20 /* ShoppingAppTests.xctest */ = {isa = PBXFileReference; explicitFileType = wrapper.cfbundle; includeInIndex = 0; path = ShoppingAppTests.xctest; sourceTree = BUILT_PRODUCTS_DIR; };
		9632D18F2523C95800217E20 /* ShoppingAppTests.swift */ = {isa = PBXFileReference; lastKnownFileType = sourcecode.swift; path = ShoppingAppTests.swift; sourceTree = "<group>"; };
		9632D1912523C95800217E20 /* Info.plist */ = {isa = PBXFileReference; lastKnownFileType = text.plist.xml; path = Info.plist; sourceTree = "<group>"; };
		9632D1962523C95800217E20 /* ShoppingAppUITests.xctest */ = {isa = PBXFileReference; explicitFileType = wrapper.cfbundle; includeInIndex = 0; path = ShoppingAppUITests.xctest; sourceTree = BUILT_PRODUCTS_DIR; };
		9632D19A2523C95800217E20 /* ShoppingAppUITests.swift */ = {isa = PBXFileReference; lastKnownFileType = sourcecode.swift; path = ShoppingAppUITests.swift; sourceTree = "<group>"; };
		9632D19C2523C95800217E20 /* Info.plist */ = {isa = PBXFileReference; lastKnownFileType = text.plist.xml; path = Info.plist; sourceTree = "<group>"; };
		964EF3FC252F76D9003ED35C /* ProductsTableView.swift */ = {isa = PBXFileReference; lastKnownFileType = sourcecode.swift; path = ProductsTableView.swift; sourceTree = "<group>"; };
		964EF401252F7B27003ED35C /* ProductLoaderWithFallBack.swift */ = {isa = PBXFileReference; lastKnownFileType = sourcecode.swift; path = ProductLoaderWithFallBack.swift; sourceTree = "<group>"; };
		964EF431252F99B6003ED35C /* ShoppingViewModel.swift */ = {isa = PBXFileReference; lastKnownFileType = sourcecode.swift; path = ShoppingViewModel.swift; sourceTree = "<group>"; };
		964EF435252FA34D003ED35C /* GenericExtensions.swift */ = {isa = PBXFileReference; lastKnownFileType = sourcecode.swift; path = GenericExtensions.swift; sourceTree = "<group>"; };
		964EF439252FA946003ED35C /* ShoppingViewCoordinator.swift */ = {isa = PBXFileReference; lastKnownFileType = sourcecode.swift; path = ShoppingViewCoordinator.swift; sourceTree = "<group>"; };
		964EF454252FB6F3003ED35C /* ProductLoaderPersisterDecorator.swift */ = {isa = PBXFileReference; lastKnownFileType = sourcecode.swift; path = ProductLoaderPersisterDecorator.swift; sourceTree = "<group>"; };
		964EF45E253048A2003ED35C /* ProductDataModel.swift */ = {isa = PBXFileReference; lastKnownFileType = sourcecode.swift; path = ProductDataModel.swift; sourceTree = "<group>"; };
		965658962530A4000040A9AD /* ProductListStateView.swift */ = {isa = PBXFileReference; lastKnownFileType = sourcecode.swift; path = ProductListStateView.swift; sourceTree = "<group>"; };
		965AF1A8252F12F90096AC97 /* ShoppingViewController.swift */ = {isa = PBXFileReference; lastKnownFileType = sourcecode.swift; path = ShoppingViewController.swift; sourceTree = "<group>"; };
		965AF1AD252F147D0096AC97 /* TotalPriceView.swift */ = {isa = PBXFileReference; lastKnownFileType = sourcecode.swift; path = TotalPriceView.swift; sourceTree = "<group>"; };
		965AF1B3252F14910096AC97 /* TotalPriceView.xib */ = {isa = PBXFileReference; lastKnownFileType = file.xib; path = TotalPriceView.xib; sourceTree = "<group>"; };
		965AF1C0252F16160096AC97 /* ProductTableViewCell.swift */ = {isa = PBXFileReference; lastKnownFileType = sourcecode.swift; path = ProductTableViewCell.swift; sourceTree = "<group>"; };
		965AF1C1252F16160096AC97 /* ProductTableViewCell.xib */ = {isa = PBXFileReference; lastKnownFileType = file.xib; path = ProductTableViewCell.xib; sourceTree = "<group>"; };
		965AF1D4252F1B0C0096AC97 /* UIViewExtensions.swift */ = {isa = PBXFileReference; lastKnownFileType = sourcecode.swift; path = UIViewExtensions.swift; sourceTree = "<group>"; };
		969D3079252BADC300478074 /* Shopping.framework */ = {isa = PBXFileReference; explicitFileType = wrapper.framework; path = Shopping.framework; sourceTree = BUILT_PRODUCTS_DIR; };
/* End PBXFileReference section */

/* Begin PBXFrameworksBuildPhase section */
		9632D16F2523C95600217E20 /* Frameworks */ = {
			isa = PBXFrameworksBuildPhase;
			buildActionMask = 2147483647;
			files = (
				969D307A252BADC300478074 /* Shopping.framework in Frameworks */,
			);
			runOnlyForDeploymentPostprocessing = 0;
		};
		9632D1882523C95800217E20 /* Frameworks */ = {
			isa = PBXFrameworksBuildPhase;
			buildActionMask = 2147483647;
			files = (
			);
			runOnlyForDeploymentPostprocessing = 0;
		};
		9632D1932523C95800217E20 /* Frameworks */ = {
			isa = PBXFrameworksBuildPhase;
			buildActionMask = 2147483647;
			files = (
			);
			runOnlyForDeploymentPostprocessing = 0;
		};
/* End PBXFrameworksBuildPhase section */

/* Begin PBXGroup section */
		9632D1692523C95600217E20 = {
			isa = PBXGroup;
			children = (
				9632D1742523C95600217E20 /* ShoppingApp */,
				9632D18E2523C95800217E20 /* ShoppingAppTests */,
				9632D1992523C95800217E20 /* ShoppingAppUITests */,
				9632D1732523C95600217E20 /* Products */,
				969D3078252BADC300478074 /* Frameworks */,
			);
			sourceTree = "<group>";
		};
		9632D1732523C95600217E20 /* Products */ = {
			isa = PBXGroup;
			children = (
				9632D1722523C95600217E20 /* ShoppingApp.app */,
				9632D18B2523C95800217E20 /* ShoppingAppTests.xctest */,
				9632D1962523C95800217E20 /* ShoppingAppUITests.xctest */,
			);
			name = Products;
			sourceTree = "<group>";
		};
		9632D1742523C95600217E20 /* ShoppingApp */ = {
			isa = PBXGroup;
			children = (
				965AF1D1252F189E0096AC97 /* Helpers */,
				965AF1A2252F125E0096AC97 /* AppConfig */,
				965AF1A6252F12920096AC97 /* Scenes */,
				965AF1A5252F12780096AC97 /* Assets */,
			);
			path = ShoppingApp;
			sourceTree = "<group>";
		};
		9632D18E2523C95800217E20 /* ShoppingAppTests */ = {
			isa = PBXGroup;
			children = (
				9632D18F2523C95800217E20 /* ShoppingAppTests.swift */,
				9632D1912523C95800217E20 /* Info.plist */,
			);
			path = ShoppingAppTests;
			sourceTree = "<group>";
		};
		9632D1992523C95800217E20 /* ShoppingAppUITests */ = {
			isa = PBXGroup;
			children = (
				9632D19A2523C95800217E20 /* ShoppingAppUITests.swift */,
				9632D19C2523C95800217E20 /* Info.plist */,
			);
			path = ShoppingAppUITests;
			sourceTree = "<group>";
		};
		965658952530A3B70040A9AD /* ProductListStateView */ = {
			isa = PBXGroup;
			children = (
				965658962530A4000040A9AD /* ProductListStateView.swift */,
				9620EF262530B3C00081E02C /* ProductListStateView.xib */,
				965AF1B8252F15610096AC97 /* ProductsTableView */,
			);
			path = ProductListStateView;
			sourceTree = "<group>";
		};
		965AF1A2252F125E0096AC97 /* AppConfig */ = {
			isa = PBXGroup;
			children = (
				9632D1752523C95600217E20 /* AppDelegate.swift */,
				9632D1772523C95600217E20 /* SceneDelegate.swift */,
				964EF401252F7B27003ED35C /* ProductLoaderWithFallBack.swift */,
				964EF454252FB6F3003ED35C /* ProductLoaderPersisterDecorator.swift */,
				964EF439252FA946003ED35C /* ShoppingViewCoordinator.swift */,
				9632D1862523C95800217E20 /* Info.plist */,
			);
			path = AppConfig;
			sourceTree = "<group>";
		};
		965AF1A5252F12780096AC97 /* Assets */ = {
			isa = PBXGroup;
			children = (
				9632D17B2523C95600217E20 /* Main.storyboard */,
				9632D1812523C95800217E20 /* Assets.xcassets */,
				9632D1832523C95800217E20 /* LaunchScreen.storyboard */,
			);
			path = Assets;
			sourceTree = "<group>";
		};
		965AF1A6252F12920096AC97 /* Scenes */ = {
			isa = PBXGroup;
			children = (
				965AF1A7252F12980096AC97 /* ShoppingCart */,
			);
			path = Scenes;
			sourceTree = "<group>";
		};
		965AF1A7252F12980096AC97 /* ShoppingCart */ = {
			isa = PBXGroup;
			children = (
				965AF1AC252F13110096AC97 /* Views */,
				965AF1A8252F12F90096AC97 /* ShoppingViewController.swift */,
				964EF431252F99B6003ED35C /* ShoppingViewModel.swift */,
				964EF45E253048A2003ED35C /* ProductDataModel.swift */,
			);
			path = ShoppingCart;
			sourceTree = "<group>";
		};
		965AF1AC252F13110096AC97 /* Views */ = {
			isa = PBXGroup;
			children = (
				965658952530A3B70040A9AD /* ProductListStateView */,
				965AF1B7252F154A0096AC97 /* TotalPriceView */,
			);
			path = Views;
			sourceTree = "<group>";
		};
		965AF1B7252F154A0096AC97 /* TotalPriceView */ = {
			isa = PBXGroup;
			children = (
				965AF1AD252F147D0096AC97 /* TotalPriceView.swift */,
				965AF1B3252F14910096AC97 /* TotalPriceView.xib */,
			);
			path = TotalPriceView;
			sourceTree = "<group>";
		};
		965AF1B8252F15610096AC97 /* ProductsTableView */ = {
			isa = PBXGroup;
			children = (
				965AF1B9252F15930096AC97 /* ProductsCell */,
				964EF3FC252F76D9003ED35C /* ProductsTableView.swift */,
			);
			path = ProductsTableView;
			sourceTree = "<group>";
		};
		965AF1B9252F15930096AC97 /* ProductsCell */ = {
			isa = PBXGroup;
			children = (
				965AF1C0252F16160096AC97 /* ProductTableViewCell.swift */,
				965AF1C1252F16160096AC97 /* ProductTableViewCell.xib */,
			);
			path = ProductsCell;
			sourceTree = "<group>";
		};
		965AF1D1252F189E0096AC97 /* Helpers */ = {
			isa = PBXGroup;
			children = (
				965AF1D4252F1B0C0096AC97 /* UIViewExtensions.swift */,
				964EF435252FA34D003ED35C /* GenericExtensions.swift */,
				9620EF2E2530BF9D0081E02C /* Color.swift */,
			);
			path = Helpers;
			sourceTree = "<group>";
		};
		969D3078252BADC300478074 /* Frameworks */ = {
			isa = PBXGroup;
			children = (
				969D3079252BADC300478074 /* Shopping.framework */,
			);
			name = Frameworks;
			sourceTree = "<group>";
		};
/* End PBXGroup section */

/* Begin PBXNativeTarget section */
		9632D1712523C95600217E20 /* ShoppingApp */ = {
			isa = PBXNativeTarget;
			buildConfigurationList = 9632D19F2523C95800217E20 /* Build configuration list for PBXNativeTarget "ShoppingApp" */;
			buildPhases = (
				9632D16E2523C95600217E20 /* Sources */,
				9632D16F2523C95600217E20 /* Frameworks */,
				9632D1702523C95600217E20 /* Resources */,
				969D307C252BADC300478074 /* Embed Frameworks */,
				965AF1CC252F18220096AC97 /* ShellScript */,
			);
			buildRules = (
			);
			dependencies = (
			);
			name = ShoppingApp;
			productName = ShoppingApp;
			productReference = 9632D1722523C95600217E20 /* ShoppingApp.app */;
			productType = "com.apple.product-type.application";
		};
		9632D18A2523C95800217E20 /* ShoppingAppTests */ = {
			isa = PBXNativeTarget;
			buildConfigurationList = 9632D1A22523C95800217E20 /* Build configuration list for PBXNativeTarget "ShoppingAppTests" */;
			buildPhases = (
				9632D1872523C95800217E20 /* Sources */,
				9632D1882523C95800217E20 /* Frameworks */,
				9632D1892523C95800217E20 /* Resources */,
			);
			buildRules = (
			);
			dependencies = (
				9632D18D2523C95800217E20 /* PBXTargetDependency */,
			);
			name = ShoppingAppTests;
			productName = ShoppingAppTests;
			productReference = 9632D18B2523C95800217E20 /* ShoppingAppTests.xctest */;
			productType = "com.apple.product-type.bundle.unit-test";
		};
		9632D1952523C95800217E20 /* ShoppingAppUITests */ = {
			isa = PBXNativeTarget;
			buildConfigurationList = 9632D1A52523C95800217E20 /* Build configuration list for PBXNativeTarget "ShoppingAppUITests" */;
			buildPhases = (
				9632D1922523C95800217E20 /* Sources */,
				9632D1932523C95800217E20 /* Frameworks */,
				9632D1942523C95800217E20 /* Resources */,
			);
			buildRules = (
			);
			dependencies = (
				9632D1982523C95800217E20 /* PBXTargetDependency */,
			);
			name = ShoppingAppUITests;
			productName = ShoppingAppUITests;
			productReference = 9632D1962523C95800217E20 /* ShoppingAppUITests.xctest */;
			productType = "com.apple.product-type.bundle.ui-testing";
		};
/* End PBXNativeTarget section */

/* Begin PBXProject section */
		9632D16A2523C95600217E20 /* Project object */ = {
			isa = PBXProject;
			attributes = {
				LastSwiftUpdateCheck = 1200;
				LastUpgradeCheck = 1200;
				TargetAttributes = {
					9632D1712523C95600217E20 = {
						CreatedOnToolsVersion = 12.0;
					};
					9632D18A2523C95800217E20 = {
						CreatedOnToolsVersion = 12.0;
						TestTargetID = 9632D1712523C95600217E20;
					};
					9632D1952523C95800217E20 = {
						CreatedOnToolsVersion = 12.0;
						TestTargetID = 9632D1712523C95600217E20;
					};
				};
			};
			buildConfigurationList = 9632D16D2523C95600217E20 /* Build configuration list for PBXProject "ShoppingApp" */;
			compatibilityVersion = "Xcode 9.3";
			developmentRegion = en;
			hasScannedForEncodings = 0;
			knownRegions = (
				en,
				Base,
			);
			mainGroup = 9632D1692523C95600217E20;
			productRefGroup = 9632D1732523C95600217E20 /* Products */;
			projectDirPath = "";
			projectRoot = "";
			targets = (
				9632D1712523C95600217E20 /* ShoppingApp */,
				9632D18A2523C95800217E20 /* ShoppingAppTests */,
				9632D1952523C95800217E20 /* ShoppingAppUITests */,
			);
		};
/* End PBXProject section */

/* Begin PBXResourcesBuildPhase section */
		9632D1702523C95600217E20 /* Resources */ = {
			isa = PBXResourcesBuildPhase;
			buildActionMask = 2147483647;
			files = (
				9632D1852523C95800217E20 /* LaunchScreen.storyboard in Resources */,
				965AF1B4252F14910096AC97 /* TotalPriceView.xib in Resources */,
				965AF1C3252F16160096AC97 /* ProductTableViewCell.xib in Resources */,
				9632D1822523C95800217E20 /* Assets.xcassets in Resources */,
				9632D17D2523C95600217E20 /* Main.storyboard in Resources */,
				9620EF272530B3C00081E02C /* ProductListStateView.xib in Resources */,
			);
			runOnlyForDeploymentPostprocessing = 0;
		};
		9632D1892523C95800217E20 /* Resources */ = {
			isa = PBXResourcesBuildPhase;
			buildActionMask = 2147483647;
			files = (
			);
			runOnlyForDeploymentPostprocessing = 0;
		};
		9632D1942523C95800217E20 /* Resources */ = {
			isa = PBXResourcesBuildPhase;
			buildActionMask = 2147483647;
			files = (
			);
			runOnlyForDeploymentPostprocessing = 0;
		};
/* End PBXResourcesBuildPhase section */

/* Begin PBXShellScriptBuildPhase section */
		965AF1CC252F18220096AC97 /* ShellScript */ = {
			isa = PBXShellScriptBuildPhase;
			buildActionMask = 2147483647;
			files = (
			);
			inputFileListPaths = (
			);
			inputPaths = (
			);
			outputFileListPaths = (
			);
			outputPaths = (
			);
			runOnlyForDeploymentPostprocessing = 0;
			shellPath = /bin/sh;
			shellScript = "# Type a script or drag a script file from your workspace to insert its path.\nTAGS=\"TODO:|FIXME:|WARNING:\"\nERRORTAG=\"ERROR:\"\nfind \"${SRCROOT}\" \\( -name \"*.h\" -or -name \"*.m\" -or -name \"*.swift\" \\) -print0 | xargs -0 egrep --with-filename --line-number --only-matching \"($TAGS).*\\$|($ERRORTAG).*\\$\" | perl -p -e \"s/($TAGS)/ warning: \\$1/\"| perl -p -e \"s/($ERRORTAG)/ error: \\$1/\"\n";
		};
/* End PBXShellScriptBuildPhase section */

/* Begin PBXSourcesBuildPhase section */
		9632D16E2523C95600217E20 /* Sources */ = {
			isa = PBXSourcesBuildPhase;
			buildActionMask = 2147483647;
			files = (
				964EF45F253048A2003ED35C /* ProductDataModel.swift in Sources */,
				964EF455252FB6F3003ED35C /* ProductLoaderPersisterDecorator.swift in Sources */,
				965AF1C2252F16160096AC97 /* ProductTableViewCell.swift in Sources */,
				964EF436252FA34D003ED35C /* GenericExtensions.swift in Sources */,
				965AF1D5252F1B0C0096AC97 /* UIViewExtensions.swift in Sources */,
				965AF1AE252F147D0096AC97 /* TotalPriceView.swift in Sources */,
				964EF3FD252F76D9003ED35C /* ProductsTableView.swift in Sources */,
				964EF432252F99B6003ED35C /* ShoppingViewModel.swift in Sources */,
				9620EF2F2530BF9D0081E02C /* Color.swift in Sources */,
				9632D1762523C95600217E20 /* AppDelegate.swift in Sources */,
				9632D1782523C95600217E20 /* SceneDelegate.swift in Sources */,
				964EF402252F7B27003ED35C /* ProductLoaderWithFallBack.swift in Sources */,
				965658972530A4000040A9AD /* ProductListStateView.swift in Sources */,
				964EF43A252FA946003ED35C /* ShoppingViewCoordinator.swift in Sources */,
				965AF1A9252F12F90096AC97 /* ShoppingViewController.swift in Sources */,
			);
			runOnlyForDeploymentPostprocessing = 0;
		};
		9632D1872523C95800217E20 /* Sources */ = {
			isa = PBXSourcesBuildPhase;
			buildActionMask = 2147483647;
			files = (
				9632D1902523C95800217E20 /* ShoppingAppTests.swift in Sources */,
			);
			runOnlyForDeploymentPostprocessing = 0;
		};
		9632D1922523C95800217E20 /* Sources */ = {
			isa = PBXSourcesBuildPhase;
			buildActionMask = 2147483647;
			files = (
				9632D19B2523C95800217E20 /* ShoppingAppUITests.swift in Sources */,
			);
			runOnlyForDeploymentPostprocessing = 0;
		};
/* End PBXSourcesBuildPhase section */

/* Begin PBXTargetDependency section */
		9632D18D2523C95800217E20 /* PBXTargetDependency */ = {
			isa = PBXTargetDependency;
			target = 9632D1712523C95600217E20 /* ShoppingApp */;
			targetProxy = 9632D18C2523C95800217E20 /* PBXContainerItemProxy */;
		};
		9632D1982523C95800217E20 /* PBXTargetDependency */ = {
			isa = PBXTargetDependency;
			target = 9632D1712523C95600217E20 /* ShoppingApp */;
			targetProxy = 9632D1972523C95800217E20 /* PBXContainerItemProxy */;
		};
/* End PBXTargetDependency section */

/* Begin PBXVariantGroup section */
		9632D17B2523C95600217E20 /* Main.storyboard */ = {
			isa = PBXVariantGroup;
			children = (
				9632D17C2523C95600217E20 /* Base */,
			);
			name = Main.storyboard;
			sourceTree = "<group>";
		};
		9632D1832523C95800217E20 /* LaunchScreen.storyboard */ = {
			isa = PBXVariantGroup;
			children = (
				9632D1842523C95800217E20 /* Base */,
			);
			name = LaunchScreen.storyboard;
			sourceTree = "<group>";
		};
/* End PBXVariantGroup section */

/* Begin XCBuildConfiguration section */
		9632D19D2523C95800217E20 /* Debug */ = {
			isa = XCBuildConfiguration;
			buildSettings = {
				ALWAYS_SEARCH_USER_PATHS = NO;
				CLANG_ANALYZER_NONNULL = YES;
				CLANG_ANALYZER_NUMBER_OBJECT_CONVERSION = YES_AGGRESSIVE;
				CLANG_CXX_LANGUAGE_STANDARD = "gnu++14";
				CLANG_CXX_LIBRARY = "libc++";
				CLANG_ENABLE_MODULES = YES;
				CLANG_ENABLE_OBJC_ARC = YES;
				CLANG_ENABLE_OBJC_WEAK = YES;
				CLANG_WARN_BLOCK_CAPTURE_AUTORELEASING = YES;
				CLANG_WARN_BOOL_CONVERSION = YES;
				CLANG_WARN_COMMA = YES;
				CLANG_WARN_CONSTANT_CONVERSION = YES;
				CLANG_WARN_DEPRECATED_OBJC_IMPLEMENTATIONS = YES;
				CLANG_WARN_DIRECT_OBJC_ISA_USAGE = YES_ERROR;
				CLANG_WARN_DOCUMENTATION_COMMENTS = YES;
				CLANG_WARN_EMPTY_BODY = YES;
				CLANG_WARN_ENUM_CONVERSION = YES;
				CLANG_WARN_INFINITE_RECURSION = YES;
				CLANG_WARN_INT_CONVERSION = YES;
				CLANG_WARN_NON_LITERAL_NULL_CONVERSION = YES;
				CLANG_WARN_OBJC_IMPLICIT_RETAIN_SELF = YES;
				CLANG_WARN_OBJC_LITERAL_CONVERSION = YES;
				CLANG_WARN_OBJC_ROOT_CLASS = YES_ERROR;
				CLANG_WARN_QUOTED_INCLUDE_IN_FRAMEWORK_HEADER = YES;
				CLANG_WARN_RANGE_LOOP_ANALYSIS = YES;
				CLANG_WARN_STRICT_PROTOTYPES = YES;
				CLANG_WARN_SUSPICIOUS_MOVE = YES;
				CLANG_WARN_UNGUARDED_AVAILABILITY = YES_AGGRESSIVE;
				CLANG_WARN_UNREACHABLE_CODE = YES;
				CLANG_WARN__DUPLICATE_METHOD_MATCH = YES;
				COPY_PHASE_STRIP = NO;
				DEBUG_INFORMATION_FORMAT = dwarf;
				ENABLE_STRICT_OBJC_MSGSEND = YES;
				ENABLE_TESTABILITY = YES;
				GCC_C_LANGUAGE_STANDARD = gnu11;
				GCC_DYNAMIC_NO_PIC = NO;
				GCC_NO_COMMON_BLOCKS = YES;
				GCC_OPTIMIZATION_LEVEL = 0;
				GCC_PREPROCESSOR_DEFINITIONS = (
					"DEBUG=1",
					"$(inherited)",
				);
				GCC_WARN_64_TO_32_BIT_CONVERSION = YES;
				GCC_WARN_ABOUT_RETURN_TYPE = YES_ERROR;
				GCC_WARN_UNDECLARED_SELECTOR = YES;
				GCC_WARN_UNINITIALIZED_AUTOS = YES_AGGRESSIVE;
				GCC_WARN_UNUSED_FUNCTION = YES;
				GCC_WARN_UNUSED_VARIABLE = YES;
				IPHONEOS_DEPLOYMENT_TARGET = 14.0;
				MTL_ENABLE_DEBUG_INFO = INCLUDE_SOURCE;
				MTL_FAST_MATH = YES;
				ONLY_ACTIVE_ARCH = YES;
				SDKROOT = iphoneos;
				SWIFT_ACTIVE_COMPILATION_CONDITIONS = DEBUG;
				SWIFT_OPTIMIZATION_LEVEL = "-Onone";
			};
			name = Debug;
		};
		9632D19E2523C95800217E20 /* Release */ = {
			isa = XCBuildConfiguration;
			buildSettings = {
				ALWAYS_SEARCH_USER_PATHS = NO;
				CLANG_ANALYZER_NONNULL = YES;
				CLANG_ANALYZER_NUMBER_OBJECT_CONVERSION = YES_AGGRESSIVE;
				CLANG_CXX_LANGUAGE_STANDARD = "gnu++14";
				CLANG_CXX_LIBRARY = "libc++";
				CLANG_ENABLE_MODULES = YES;
				CLANG_ENABLE_OBJC_ARC = YES;
				CLANG_ENABLE_OBJC_WEAK = YES;
				CLANG_WARN_BLOCK_CAPTURE_AUTORELEASING = YES;
				CLANG_WARN_BOOL_CONVERSION = YES;
				CLANG_WARN_COMMA = YES;
				CLANG_WARN_CONSTANT_CONVERSION = YES;
				CLANG_WARN_DEPRECATED_OBJC_IMPLEMENTATIONS = YES;
				CLANG_WARN_DIRECT_OBJC_ISA_USAGE = YES_ERROR;
				CLANG_WARN_DOCUMENTATION_COMMENTS = YES;
				CLANG_WARN_EMPTY_BODY = YES;
				CLANG_WARN_ENUM_CONVERSION = YES;
				CLANG_WARN_INFINITE_RECURSION = YES;
				CLANG_WARN_INT_CONVERSION = YES;
				CLANG_WARN_NON_LITERAL_NULL_CONVERSION = YES;
				CLANG_WARN_OBJC_IMPLICIT_RETAIN_SELF = YES;
				CLANG_WARN_OBJC_LITERAL_CONVERSION = YES;
				CLANG_WARN_OBJC_ROOT_CLASS = YES_ERROR;
				CLANG_WARN_QUOTED_INCLUDE_IN_FRAMEWORK_HEADER = YES;
				CLANG_WARN_RANGE_LOOP_ANALYSIS = YES;
				CLANG_WARN_STRICT_PROTOTYPES = YES;
				CLANG_WARN_SUSPICIOUS_MOVE = YES;
				CLANG_WARN_UNGUARDED_AVAILABILITY = YES_AGGRESSIVE;
				CLANG_WARN_UNREACHABLE_CODE = YES;
				CLANG_WARN__DUPLICATE_METHOD_MATCH = YES;
				COPY_PHASE_STRIP = NO;
				DEBUG_INFORMATION_FORMAT = "dwarf-with-dsym";
				ENABLE_NS_ASSERTIONS = NO;
				ENABLE_STRICT_OBJC_MSGSEND = YES;
				GCC_C_LANGUAGE_STANDARD = gnu11;
				GCC_NO_COMMON_BLOCKS = YES;
				GCC_WARN_64_TO_32_BIT_CONVERSION = YES;
				GCC_WARN_ABOUT_RETURN_TYPE = YES_ERROR;
				GCC_WARN_UNDECLARED_SELECTOR = YES;
				GCC_WARN_UNINITIALIZED_AUTOS = YES_AGGRESSIVE;
				GCC_WARN_UNUSED_FUNCTION = YES;
				GCC_WARN_UNUSED_VARIABLE = YES;
				IPHONEOS_DEPLOYMENT_TARGET = 14.0;
				MTL_ENABLE_DEBUG_INFO = NO;
				MTL_FAST_MATH = YES;
				SDKROOT = iphoneos;
				SWIFT_COMPILATION_MODE = wholemodule;
				SWIFT_OPTIMIZATION_LEVEL = "-O";
				VALIDATE_PRODUCT = YES;
			};
			name = Release;
		};
		9632D1A02523C95800217E20 /* Debug */ = {
			isa = XCBuildConfiguration;
			buildSettings = {
				ASSETCATALOG_COMPILER_APPICON_NAME = AppIcon;
				ASSETCATALOG_COMPILER_GLOBAL_ACCENT_COLOR_NAME = AccentColor;
				CODE_SIGN_IDENTITY = "Apple Development";
				CODE_SIGN_STYLE = Automatic;
				DEVELOPMENT_TEAM = 6SGKG4PBBP;
				INFOPLIST_FILE = ShoppingApp/AppConfig/Info.plist;
				IPHONEOS_DEPLOYMENT_TARGET = 13.0;
				LD_RUNPATH_SEARCH_PATHS = (
					"$(inherited)",
					"@executable_path/Frameworks",
				);
				PRODUCT_BUNDLE_IDENTIFIER = com.caferlop.ShoppingApp;
				PRODUCT_NAME = "$(TARGET_NAME)";
				PROVISIONING_PROFILE_SPECIFIER = "";
				SWIFT_VERSION = 5.0;
				TARGETED_DEVICE_FAMILY = 1;
			};
			name = Debug;
		};
		9632D1A12523C95800217E20 /* Release */ = {
			isa = XCBuildConfiguration;
			buildSettings = {
				ASSETCATALOG_COMPILER_APPICON_NAME = AppIcon;
				ASSETCATALOG_COMPILER_GLOBAL_ACCENT_COLOR_NAME = AccentColor;
				CODE_SIGN_IDENTITY = "Apple Development";
				CODE_SIGN_STYLE = Automatic;
				DEVELOPMENT_TEAM = 6SGKG4PBBP;
				INFOPLIST_FILE = ShoppingApp/AppConfig/Info.plist;
				IPHONEOS_DEPLOYMENT_TARGET = 13.0;
				LD_RUNPATH_SEARCH_PATHS = (
					"$(inherited)",
					"@executable_path/Frameworks",
				);
				PRODUCT_BUNDLE_IDENTIFIER = com.caferlop.ShoppingApp;
				PRODUCT_NAME = "$(TARGET_NAME)";
				PROVISIONING_PROFILE_SPECIFIER = "";
				SWIFT_VERSION = 5.0;
				TARGETED_DEVICE_FAMILY = 1;
			};
			name = Release;
		};
		9632D1A32523C95800217E20 /* Debug */ = {
			isa = XCBuildConfiguration;
			buildSettings = {
				ALWAYS_EMBED_SWIFT_STANDARD_LIBRARIES = YES;
				BUNDLE_LOADER = "$(TEST_HOST)";
				CODE_SIGN_STYLE = Automatic;
				INFOPLIST_FILE = ShoppingAppTests/Info.plist;
				IPHONEOS_DEPLOYMENT_TARGET = 14.0;
				LD_RUNPATH_SEARCH_PATHS = (
					"$(inherited)",
					"@executable_path/Frameworks",
					"@loader_path/Frameworks",
				);
				PRODUCT_BUNDLE_IDENTIFIER = com.caferlop.ShoppingAppTests;
				PRODUCT_NAME = "$(TARGET_NAME)";
				SWIFT_VERSION = 5.0;
				TARGETED_DEVICE_FAMILY = "1,2";
				TEST_HOST = "$(BUILT_PRODUCTS_DIR)/ShoppingApp.app/ShoppingApp";
			};
			name = Debug;
		};
		9632D1A42523C95800217E20 /* Release */ = {
			isa = XCBuildConfiguration;
			buildSettings = {
				ALWAYS_EMBED_SWIFT_STANDARD_LIBRARIES = YES;
				BUNDLE_LOADER = "$(TEST_HOST)";
				CODE_SIGN_STYLE = Automatic;
				INFOPLIST_FILE = ShoppingAppTests/Info.plist;
				IPHONEOS_DEPLOYMENT_TARGET = 14.0;
				LD_RUNPATH_SEARCH_PATHS = (
					"$(inherited)",
					"@executable_path/Frameworks",
					"@loader_path/Frameworks",
				);
				PRODUCT_BUNDLE_IDENTIFIER = com.caferlop.ShoppingAppTests;
				PRODUCT_NAME = "$(TARGET_NAME)";
				SWIFT_VERSION = 5.0;
				TARGETED_DEVICE_FAMILY = "1,2";
				TEST_HOST = "$(BUILT_PRODUCTS_DIR)/ShoppingApp.app/ShoppingApp";
			};
			name = Release;
		};
		9632D1A62523C95800217E20 /* Debug */ = {
			isa = XCBuildConfiguration;
			buildSettings = {
				ALWAYS_EMBED_SWIFT_STANDARD_LIBRARIES = YES;
				CODE_SIGN_STYLE = Automatic;
				INFOPLIST_FILE = ShoppingAppUITests/Info.plist;
				LD_RUNPATH_SEARCH_PATHS = (
					"$(inherited)",
					"@executable_path/Frameworks",
					"@loader_path/Frameworks",
				);
				PRODUCT_BUNDLE_IDENTIFIER = com.caferlop.ShoppingAppUITests;
				PRODUCT_NAME = "$(TARGET_NAME)";
				SWIFT_VERSION = 5.0;
				TARGETED_DEVICE_FAMILY = "1,2";
				TEST_TARGET_NAME = ShoppingApp;
			};
			name = Debug;
		};
		9632D1A72523C95800217E20 /* Release */ = {
			isa = XCBuildConfiguration;
			buildSettings = {
				ALWAYS_EMBED_SWIFT_STANDARD_LIBRARIES = YES;
				CODE_SIGN_STYLE = Automatic;
				INFOPLIST_FILE = ShoppingAppUITests/Info.plist;
				LD_RUNPATH_SEARCH_PATHS = (
					"$(inherited)",
					"@executable_path/Frameworks",
					"@loader_path/Frameworks",
				);
				PRODUCT_BUNDLE_IDENTIFIER = com.caferlop.ShoppingAppUITests;
				PRODUCT_NAME = "$(TARGET_NAME)";
				SWIFT_VERSION = 5.0;
				TARGETED_DEVICE_FAMILY = "1,2";
				TEST_TARGET_NAME = ShoppingApp;
			};
			name = Release;
		};
/* End XCBuildConfiguration section */

/* Begin XCConfigurationList section */
		9632D16D2523C95600217E20 /* Build configuration list for PBXProject "ShoppingApp" */ = {
			isa = XCConfigurationList;
			buildConfigurations = (
				9632D19D2523C95800217E20 /* Debug */,
				9632D19E2523C95800217E20 /* Release */,
			);
			defaultConfigurationIsVisible = 0;
			defaultConfigurationName = Release;
		};
		9632D19F2523C95800217E20 /* Build configuration list for PBXNativeTarget "ShoppingApp" */ = {
			isa = XCConfigurationList;
			buildConfigurations = (
				9632D1A02523C95800217E20 /* Debug */,
				9632D1A12523C95800217E20 /* Release */,
			);
			defaultConfigurationIsVisible = 0;
			defaultConfigurationName = Release;
		};
		9632D1A22523C95800217E20 /* Build configuration list for PBXNativeTarget "ShoppingAppTests" */ = {
			isa = XCConfigurationList;
			buildConfigurations = (
				9632D1A32523C95800217E20 /* Debug */,
				9632D1A42523C95800217E20 /* Release */,
			);
			defaultConfigurationIsVisible = 0;
			defaultConfigurationName = Release;
		};
		9632D1A52523C95800217E20 /* Build configuration list for PBXNativeTarget "ShoppingAppUITests" */ = {
			isa = XCConfigurationList;
			buildConfigurations = (
				9632D1A62523C95800217E20 /* Debug */,
				9632D1A72523C95800217E20 /* Release */,
			);
			defaultConfigurationIsVisible = 0;
			defaultConfigurationName = Release;
		};
/* End XCConfigurationList section */
	};
	rootObject = 9632D16A2523C95600217E20 /* Project object */;
}
